// !$*UTF8*$!
{
	archiveVersion = 1;
	classes = {
	};
	objectVersion = 56;
	objects = {

/* Begin PBXBuildFile section */
		3A888660294328C100CC5ED2 /* AppDelegate.swift in Sources */ = {isa = PBXBuildFile; fileRef = 3A88865F294328C100CC5ED2 /* AppDelegate.swift */; };
		3A888662294328C100CC5ED2 /* SceneDelegate.swift in Sources */ = {isa = PBXBuildFile; fileRef = 3A888661294328C100CC5ED2 /* SceneDelegate.swift */; };
		3A888664294328C100CC5ED2 /* ViewController.swift in Sources */ = {isa = PBXBuildFile; fileRef = 3A888663294328C100CC5ED2 /* ViewController.swift */; };
		3A888667294328C100CC5ED2 /* Main.storyboard in Resources */ = {isa = PBXBuildFile; fileRef = 3A888665294328C100CC5ED2 /* Main.storyboard */; };
		3A888669294328C300CC5ED2 /* Assets.xcassets in Resources */ = {isa = PBXBuildFile; fileRef = 3A888668294328C300CC5ED2 /* Assets.xcassets */; };
		3A88866C294328C300CC5ED2 /* LaunchScreen.storyboard in Resources */ = {isa = PBXBuildFile; fileRef = 3A88866A294328C300CC5ED2 /* LaunchScreen.storyboard */; };
		3A8886742943490C00CC5ED2 /* NetworkManager.swift in Sources */ = {isa = PBXBuildFile; fileRef = 3A8886732943490C00CC5ED2 /* NetworkManager.swift */; };
		3A888676294352A900CC5ED2 /* HeroModelResponse.swift in Sources */ = {isa = PBXBuildFile; fileRef = 3A888675294352A900CC5ED2 /* HeroModelResponse.swift */; };
		C905EE1B6E92A339A1EC8778 /* Pods_HeroLabWork.framework in Frameworks */ = {isa = PBXBuildFile; fileRef = AA884533864373C29E20A146 /* Pods_HeroLabWork.framework */; };
/* End PBXBuildFile section */

/* Begin PBXFileReference section */
		3A88865C294328C100CC5ED2 /* HeroLabWork.app */ = {isa = PBXFileReference; explicitFileType = wrapper.application; includeInIndex = 0; path = HeroLabWork.app; sourceTree = BUILT_PRODUCTS_DIR; };
		3A88865F294328C100CC5ED2 /* AppDelegate.swift */ = {isa = PBXFileReference; lastKnownFileType = sourcecode.swift; path = AppDelegate.swift; sourceTree = "<group>"; };
		3A888661294328C100CC5ED2 /* SceneDelegate.swift */ = {isa = PBXFileReference; lastKnownFileType = sourcecode.swift; path = SceneDelegate.swift; sourceTree = "<group>"; };
		3A888663294328C100CC5ED2 /* ViewController.swift */ = {isa = PBXFileReference; lastKnownFileType = sourcecode.swift; path = ViewController.swift; sourceTree = "<group>"; };
		3A888666294328C100CC5ED2 /* Base */ = {isa = PBXFileReference; lastKnownFileType = file.storyboard; name = Base; path = Base.lproj/Main.storyboard; sourceTree = "<group>"; };
		3A888668294328C300CC5ED2 /* Assets.xcassets */ = {isa = PBXFileReference; lastKnownFileType = folder.assetcatalog; path = Assets.xcassets; sourceTree = "<group>"; };
		3A88866B294328C300CC5ED2 /* Base */ = {isa = PBXFileReference; lastKnownFileType = file.storyboard; name = Base; path = Base.lproj/LaunchScreen.storyboard; sourceTree = "<group>"; };
		3A88866D294328C300CC5ED2 /* Info.plist */ = {isa = PBXFileReference; lastKnownFileType = text.plist.xml; path = Info.plist; sourceTree = "<group>"; };
		3A8886732943490C00CC5ED2 /* NetworkManager.swift */ = {isa = PBXFileReference; lastKnownFileType = sourcecode.swift; path = NetworkManager.swift; sourceTree = "<group>"; };
		3A888675294352A900CC5ED2 /* HeroModelResponse.swift */ = {isa = PBXFileReference; lastKnownFileType = sourcecode.swift; path = HeroModelResponse.swift; sourceTree = "<group>"; };
		6729DCD7D3313B6EC1DDC928 /* Pods-HeroLabWork.release.xcconfig */ = {isa = PBXFileReference; includeInIndex = 1; lastKnownFileType = text.xcconfig; name = "Pods-HeroLabWork.release.xcconfig"; path = "Target Support Files/Pods-HeroLabWork/Pods-HeroLabWork.release.xcconfig"; sourceTree = "<group>"; };
		AA884533864373C29E20A146 /* Pods_HeroLabWork.framework */ = {isa = PBXFileReference; explicitFileType = wrapper.framework; includeInIndex = 0; path = Pods_HeroLabWork.framework; sourceTree = BUILT_PRODUCTS_DIR; };
		EEF7FC7D98919883430499F2 /* Pods-HeroLabWork.debug.xcconfig */ = {isa = PBXFileReference; includeInIndex = 1; lastKnownFileType = text.xcconfig; name = "Pods-HeroLabWork.debug.xcconfig"; path = "Target Support Files/Pods-HeroLabWork/Pods-HeroLabWork.debug.xcconfig"; sourceTree = "<group>"; };
/* End PBXFileReference section */

/* Begin PBXFrameworksBuildPhase section */
		3A888659294328C100CC5ED2 /* Frameworks */ = {
			isa = PBXFrameworksBuildPhase;
			buildActionMask = 2147483647;
			files = (
				C905EE1B6E92A339A1EC8778 /* Pods_HeroLabWork.framework in Frameworks */,
			);
			runOnlyForDeploymentPostprocessing = 0;
		};
/* End PBXFrameworksBuildPhase section */

/* Begin PBXGroup section */
		3A888653294328C100CC5ED2 = {
			isa = PBXGroup;
			children = (
				3A88865E294328C100CC5ED2 /* HeroLabWork */,
				3A88865D294328C100CC5ED2 /* Products */,
				A5469DE40C5EC55EE1D3DD26 /* Pods */,
				B1F8688496CFF358CD271242 /* Frameworks */,
			);
			sourceTree = "<group>";
		};
		3A88865D294328C100CC5ED2 /* Products */ = {
			isa = PBXGroup;
			children = (
				3A88865C294328C100CC5ED2 /* HeroLabWork.app */,
			);
			name = Products;
			sourceTree = "<group>";
		};
		3A88865E294328C100CC5ED2 /* HeroLabWork */ = {
			isa = PBXGroup;
			children = (
				3A88865F294328C100CC5ED2 /* AppDelegate.swift */,
				3A888661294328C100CC5ED2 /* SceneDelegate.swift */,
				3A888663294328C100CC5ED2 /* ViewController.swift */,
				3A888665294328C100CC5ED2 /* Main.storyboard */,
				3A888668294328C300CC5ED2 /* Assets.xcassets */,
				3A88866A294328C300CC5ED2 /* LaunchScreen.storyboard */,
				3A88866D294328C300CC5ED2 /* Info.plist */,
				3A8886732943490C00CC5ED2 /* NetworkManager.swift */,
				3A888675294352A900CC5ED2 /* HeroModelResponse.swift */,
			);
			path = HeroLabWork;
			sourceTree = "<group>";
		};
		A5469DE40C5EC55EE1D3DD26 /* Pods */ = {
			isa = PBXGroup;
			children = (
				EEF7FC7D98919883430499F2 /* Pods-HeroLabWork.debug.xcconfig */,
				6729DCD7D3313B6EC1DDC928 /* Pods-HeroLabWork.release.xcconfig */,
			);
			path = Pods;
			sourceTree = "<group>";
		};
		B1F8688496CFF358CD271242 /* Frameworks */ = {
			isa = PBXGroup;
			children = (
				AA884533864373C29E20A146 /* Pods_HeroLabWork.framework */,
			);
			name = Frameworks;
			sourceTree = "<group>";
		};
/* End PBXGroup section */

/* Begin PBXNativeTarget section */
		3A88865B294328C100CC5ED2 /* HeroLabWork */ = {
			isa = PBXNativeTarget;
			buildConfigurationList = 3A888670294328C300CC5ED2 /* Build configuration list for PBXNativeTarget "HeroLabWork" */;
			buildPhases = (
				2A8E6977EF2E36A34DC619CB /* [CP] Check Pods Manifest.lock */,
				3A888658294328C100CC5ED2 /* Sources */,
				3A888659294328C100CC5ED2 /* Frameworks */,
				3A88865A294328C100CC5ED2 /* Resources */,
				3E86AB18021BC23F0A507DF9 /* [CP] Embed Pods Frameworks */,
			);
			buildRules = (
			);
			dependencies = (
			);
			name = HeroLabWork;
			productName = HeroLabWork;
			productReference = 3A88865C294328C100CC5ED2 /* HeroLabWork.app */;
			productType = "com.apple.product-type.application";
		};
/* End PBXNativeTarget section */

/* Begin PBXProject section */
		3A888654294328C100CC5ED2 /* Project object */ = {
			isa = PBXProject;
			attributes = {
				BuildIndependentTargetsInParallel = 1;
				LastSwiftUpdateCheck = 1400;
				LastUpgradeCheck = 1400;
				TargetAttributes = {
					3A88865B294328C100CC5ED2 = {
						CreatedOnToolsVersion = 14.0.1;
					};
				};
			};
			buildConfigurationList = 3A888657294328C100CC5ED2 /* Build configuration list for PBXProject "HeroLabWork" */;
			compatibilityVersion = "Xcode 14.0";
			developmentRegion = en;
			hasScannedForEncodings = 0;
			knownRegions = (
				en,
				Base,
			);
			mainGroup = 3A888653294328C100CC5ED2;
			productRefGroup = 3A88865D294328C100CC5ED2 /* Products */;
			projectDirPath = "";
			projectRoot = "";
			targets = (
				3A88865B294328C100CC5ED2 /* HeroLabWork */,
			);
		};
/* End PBXProject section */

/* Begin PBXResourcesBuildPhase section */
		3A88865A294328C100CC5ED2 /* Resources */ = {
			isa = PBXResourcesBuildPhase;
			buildActionMask = 2147483647;
			files = (
				3A88866C294328C300CC5ED2 /* LaunchScreen.storyboard in Resources */,
				3A888669294328C300CC5ED2 /* Assets.xcassets in Resources */,
				3A888667294328C100CC5ED2 /* Main.storyboard in Resources */,
			);
			runOnlyForDeploymentPostprocessing = 0;
		};
/* End PBXResourcesBuildPhase section */

/* Begin PBXShellScriptBuildPhase section */
		2A8E6977EF2E36A34DC619CB /* [CP] Check Pods Manifest.lock */ = {
			isa = PBXShellScriptBuildPhase;
			buildActionMask = 2147483647;
			files = (
			);
			inputFileListPaths = (
			);
			inputPaths = (
				"${PODS_PODFILE_DIR_PATH}/Podfile.lock",
				"${PODS_ROOT}/Manifest.lock",
			);
			name = "[CP] Check Pods Manifest.lock";
			outputFileListPaths = (
			);
			outputPaths = (
				"$(DERIVED_FILE_DIR)/Pods-HeroLabWork-checkManifestLockResult.txt",
			);
			runOnlyForDeploymentPostprocessing = 0;
			shellPath = /bin/sh;
			shellScript = "diff \"${PODS_PODFILE_DIR_PATH}/Podfile.lock\" \"${PODS_ROOT}/Manifest.lock\" > /dev/null\nif [ $? != 0 ] ; then\n    # print error to STDERR\n    echo \"error: The sandbox is not in sync with the Podfile.lock. Run 'pod install' or update your CocoaPods installation.\" >&2\n    exit 1\nfi\n# This output is used by Xcode 'outputs' to avoid re-running this script phase.\necho \"SUCCESS\" > \"${SCRIPT_OUTPUT_FILE_0}\"\n";
			showEnvVarsInLog = 0;
		};
		3E86AB18021BC23F0A507DF9 /* [CP] Embed Pods Frameworks */ = {
			isa = PBXShellScriptBuildPhase;
			buildActionMask = 2147483647;
			files = (
			);
			inputFileListPaths = (
				"${PODS_ROOT}/Target Support Files/Pods-HeroLabWork/Pods-HeroLabWork-frameworks-${CONFIGURATION}-input-files.xcfilelist",
			);
			name = "[CP] Embed Pods Frameworks";
			outputFileListPaths = (
				"${PODS_ROOT}/Target Support Files/Pods-HeroLabWork/Pods-HeroLabWork-frameworks-${CONFIGURATION}-output-files.xcfilelist",
			);
			runOnlyForDeploymentPostprocessing = 0;
			shellPath = /bin/sh;
			shellScript = "\"${PODS_ROOT}/Target Support Files/Pods-HeroLabWork/Pods-HeroLabWork-frameworks.sh\"\n";
			showEnvVarsInLog = 0;
		};
/* End PBXShellScriptBuildPhase section */

/* Begin PBXSourcesBuildPhase section */
		3A888658294328C100CC5ED2 /* Sources */ = {
			isa = PBXSourcesBuildPhase;
			buildActionMask = 2147483647;
			files = (
				3A8886742943490C00CC5ED2 /* NetworkManager.swift in Sources */,
				3A888676294352A900CC5ED2 /* HeroModelResponse.swift in Sources */,
				3A888664294328C100CC5ED2 /* ViewController.swift in Sources */,
				3A888660294328C100CC5ED2 /* AppDelegate.swift in Sources */,
				3A888662294328C100CC5ED2 /* SceneDelegate.swift in Sources */,
			);
			runOnlyForDeploymentPostprocessing = 0;
		};
/* End PBXSourcesBuildPhase section */

/* Begin PBXVariantGroup section */
		3A888665294328C100CC5ED2 /* Main.storyboard */ = {
			isa = PBXVariantGroup;
			children = (
				3A888666294328C100CC5ED2 /* Base */,
			);
			name = Main.storyboard;
			sourceTree = "<group>";
		};
		3A88866A294328C300CC5ED2 /* LaunchScreen.storyboard */ = {
			isa = PBXVariantGroup;
			children = (
				3A88866B294328C300CC5ED2 /* Base */,
			);
			name = LaunchScreen.storyboard;
			sourceTree = "<group>";
		};
/* End PBXVariantGroup section */

/* Begin XCBuildConfiguration section */
		3A88866E294328C300CC5ED2 /* Debug */ = {
			isa = XCBuildConfiguration;
			buildSettings = {
				ALWAYS_SEARCH_USER_PATHS = NO;
				CLANG_ANALYZER_NONNULL = YES;
				CLANG_ANALYZER_NUMBER_OBJECT_CONVERSION = YES_AGGRESSIVE;
				CLANG_CXX_LANGUAGE_STANDARD = "gnu++20";
				CLANG_ENABLE_MODULES = YES;
				CLANG_ENABLE_OBJC_ARC = YES;
				CLANG_ENABLE_OBJC_WEAK = YES;
				CLANG_WARN_BLOCK_CAPTURE_AUTORELEASING = YES;
				CLANG_WARN_BOOL_CONVERSION = YES;
				CLANG_WARN_COMMA = YES;
				CLANG_WARN_CONSTANT_CONVERSION = YES;
				CLANG_WARN_DEPRECATED_OBJC_IMPLEMENTATIONS = YES;
				CLANG_WARN_DIRECT_OBJC_ISA_USAGE = YES_ERROR;
				CLANG_WARN_DOCUMENTATION_COMMENTS = YES;
				CLANG_WARN_EMPTY_BODY = YES;
				CLANG_WARN_ENUM_CONVERSION = YES;
				CLANG_WARN_INFINITE_RECURSION = YES;
				CLANG_WARN_INT_CONVERSION = YES;
				CLANG_WARN_NON_LITERAL_NULL_CONVERSION = YES;
				CLANG_WARN_OBJC_IMPLICIT_RETAIN_SELF = YES;
				CLANG_WARN_OBJC_LITERAL_CONVERSION = YES;
				CLANG_WARN_OBJC_ROOT_CLASS = YES_ERROR;
				CLANG_WARN_QUOTED_INCLUDE_IN_FRAMEWORK_HEADER = YES;
				CLANG_WARN_RANGE_LOOP_ANALYSIS = YES;
				CLANG_WARN_STRICT_PROTOTYPES = YES;
				CLANG_WARN_SUSPICIOUS_MOVE = YES;
				CLANG_WARN_UNGUARDED_AVAILABILITY = YES_AGGRESSIVE;
				CLANG_WARN_UNREACHABLE_CODE = YES;
				CLANG_WARN__DUPLICATE_METHOD_MATCH = YES;
				COPY_PHASE_STRIP = NO;
				DEBUG_INFORMATION_FORMAT = dwarf;
				ENABLE_STRICT_OBJC_MSGSEND = YES;
				ENABLE_TESTABILITY = YES;
				GCC_C_LANGUAGE_STANDARD = gnu11;
				GCC_DYNAMIC_NO_PIC = NO;
				GCC_NO_COMMON_BLOCKS = YES;
				GCC_OPTIMIZATION_LEVEL = 0;
				GCC_PREPROCESSOR_DEFINITIONS = (
					"DEBUG=1",
					"$(inherited)",
				);
				GCC_WARN_64_TO_32_BIT_CONVERSION = YES;
				GCC_WARN_ABOUT_RETURN_TYPE = YES_ERROR;
				GCC_WARN_UNDECLARED_SELECTOR = YES;
				GCC_WARN_UNINITIALIZED_AUTOS = YES_AGGRESSIVE;
				GCC_WARN_UNUSED_FUNCTION = YES;
				GCC_WARN_UNUSED_VARIABLE = YES;
				IPHONEOS_DEPLOYMENT_TARGET = 16.0;
				MTL_ENABLE_DEBUG_INFO = INCLUDE_SOURCE;
				MTL_FAST_MATH = YES;
				ONLY_ACTIVE_ARCH = YES;
				SDKROOT = iphoneos;
				SWIFT_ACTIVE_COMPILATION_CONDITIONS = DEBUG;
				SWIFT_OPTIMIZATION_LEVEL = "-Onone";
			};
			name = Debug;
		};
		3A88866F294328C300CC5ED2 /* Release */ = {
			isa = XCBuildConfiguration;
			buildSettings = {
				ALWAYS_SEARCH_USER_PATHS = NO;
				CLANG_ANALYZER_NONNULL = YES;
				CLANG_ANALYZER_NUMBER_OBJECT_CONVERSION = YES_AGGRESSIVE;
				CLANG_CXX_LANGUAGE_STANDARD = "gnu++20";
				CLANG_ENABLE_MODULES = YES;
				CLANG_ENABLE_OBJC_ARC = YES;
				CLANG_ENABLE_OBJC_WEAK = YES;
				CLANG_WARN_BLOCK_CAPTURE_AUTORELEASING = YES;
				CLANG_WARN_BOOL_CONVERSION = YES;
				CLANG_WARN_COMMA = YES;
				CLANG_WARN_CONSTANT_CONVERSION = YES;
				CLANG_WARN_DEPRECATED_OBJC_IMPLEMENTATIONS = YES;
				CLANG_WARN_DIRECT_OBJC_ISA_USAGE = YES_ERROR;
				CLANG_WARN_DOCUMENTATION_COMMENTS = YES;
				CLANG_WARN_EMPTY_BODY = YES;
				CLANG_WARN_ENUM_CONVERSION = YES;
				CLANG_WARN_INFINITE_RECURSION = YES;
				CLANG_WARN_INT_CONVERSION = YES;
				CLANG_WARN_NON_LITERAL_NULL_CONVERSION = YES;
				CLANG_WARN_OBJC_IMPLICIT_RETAIN_SELF = YES;
				CLANG_WARN_OBJC_LITERAL_CONVERSION = YES;
				CLANG_WARN_OBJC_ROOT_CLASS = YES_ERROR;
				CLANG_WARN_QUOTED_INCLUDE_IN_FRAMEWORK_HEADER = YES;
				CLANG_WARN_RANGE_LOOP_ANALYSIS = YES;
				CLANG_WARN_STRICT_PROTOTYPES = YES;
				CLANG_WARN_SUSPICIOUS_MOVE = YES;
				CLANG_WARN_UNGUARDED_AVAILABILITY = YES_AGGRESSIVE;
				CLANG_WARN_UNREACHABLE_CODE = YES;
				CLANG_WARN__DUPLICATE_METHOD_MATCH = YES;
				COPY_PHASE_STRIP = NO;
				DEBUG_INFORMATION_FORMAT = "dwarf-with-dsym";
				ENABLE_NS_ASSERTIONS = NO;
				ENABLE_STRICT_OBJC_MSGSEND = YES;
				GCC_C_LANGUAGE_STANDARD = gnu11;
				GCC_NO_COMMON_BLOCKS = YES;
				GCC_WARN_64_TO_32_BIT_CONVERSION = YES;
				GCC_WARN_ABOUT_RETURN_TYPE = YES_ERROR;
				GCC_WARN_UNDECLARED_SELECTOR = YES;
				GCC_WARN_UNINITIALIZED_AUTOS = YES_AGGRESSIVE;
				GCC_WARN_UNUSED_FUNCTION = YES;
				GCC_WARN_UNUSED_VARIABLE = YES;
				IPHONEOS_DEPLOYMENT_TARGET = 16.0;
				MTL_ENABLE_DEBUG_INFO = NO;
				MTL_FAST_MATH = YES;
				SDKROOT = iphoneos;
				SWIFT_COMPILATION_MODE = wholemodule;
				SWIFT_OPTIMIZATION_LEVEL = "-O";
				VALIDATE_PRODUCT = YES;
			};
			name = Release;
		};
		3A888671294328C300CC5ED2 /* Debug */ = {
			isa = XCBuildConfiguration;
			baseConfigurationReference = EEF7FC7D98919883430499F2 /* Pods-HeroLabWork.debug.xcconfig */;
			buildSettings = {
				ASSETCATALOG_COMPILER_APPICON_NAME = AppIcon;
				ASSETCATALOG_COMPILER_GLOBAL_ACCENT_COLOR_NAME = AccentColor;
				CODE_SIGN_STYLE = Automatic;
				CURRENT_PROJECT_VERSION = 1;
				GENERATE_INFOPLIST_FILE = YES;
				INFOPLIST_FILE = HeroLabWork/Info.plist;
				INFOPLIST_KEY_UIApplicationSupportsIndirectInputEvents = YES;
				INFOPLIST_KEY_UILaunchStoryboardName = LaunchScreen;
				INFOPLIST_KEY_UIMainStoryboardFile = Main;
				INFOPLIST_KEY_UISupportedInterfaceOrientations_iPad = "UIInterfaceOrientationPortrait UIInterfaceOrientationPortraitUpsideDown UIInterfaceOrientationLandscapeLeft UIInterfaceOrientationLandscapeRight";
				INFOPLIST_KEY_UISupportedInterfaceOrientations_iPhone = "UIInterfaceOrientationPortrait UIInterfaceOrientationLandscapeLeft UIInterfaceOrientationLandscapeRight";
				LD_RUNPATH_SEARCH_PATHS = (
					"$(inherited)",
					"@executable_path/Frameworks",
				);
				MARKETING_VERSION = 1.0;
				PRODUCT_BUNDLE_IDENTIFIER = marlmyn.HeroLabWork;
				PRODUCT_NAME = "$(TARGET_NAME)";
				SWIFT_EMIT_LOC_STRINGS = YES;
				SWIFT_VERSION = 5.0;
				TARGETED_DEVICE_FAMILY = "1,2";
			};
			name = Debug;
		};
		3A888672294328C300CC5ED2 /* Release */ = {
			isa = XCBuildConfiguration;
			baseConfigurationReference = 6729DCD7D3313B6EC1DDC928 /* Pods-HeroLabWork.release.xcconfig */;
			buildSettings = {
				ASSETCATALOG_COMPILER_APPICON_NAME = AppIcon;
				ASSETCATALOG_COMPILER_GLOBAL_ACCENT_COLOR_NAME = AccentColor;
				CODE_SIGN_STYLE = Automatic;
				CURRENT_PROJECT_VERSION = 1;
				GENERATE_INFOPLIST_FILE = YES;
				INFOPLIST_FILE = HeroLabWork/Info.plist;
				INFOPLIST_KEY_UIApplicationSupportsIndirectInputEvents = YES;
				INFOPLIST_KEY_UILaunchStoryboardName = LaunchScreen;
				INFOPLIST_KEY_UIMainStoryboardFile = Main;
				INFOPLIST_KEY_UISupportedInterfaceOrientations_iPad = "UIInterfaceOrientationPortrait UIInterfaceOrientationPortraitUpsideDown UIInterfaceOrientationLandscapeLeft UIInterfaceOrientationLandscapeRight";
				INFOPLIST_KEY_UISupportedInterfaceOrientations_iPhone = "UIInterfaceOrientationPortrait UIInterfaceOrientationLandscapeLeft UIInterfaceOrientationLandscapeRight";
				LD_RUNPATH_SEARCH_PATHS = (
					"$(inherited)",
					"@executable_path/Frameworks",
				);
				MARKETING_VERSION = 1.0;
				PRODUCT_BUNDLE_IDENTIFIER = marlmyn.HeroLabWork;
				PRODUCT_NAME = "$(TARGET_NAME)";
				SWIFT_EMIT_LOC_STRINGS = YES;
				SWIFT_VERSION = 5.0;
				TARGETED_DEVICE_FAMILY = "1,2";
			};
			name = Release;
		};
/* End XCBuildConfiguration section */

/* Begin XCConfigurationList section */
		3A888657294328C100CC5ED2 /* Build configuration list for PBXProject "HeroLabWork" */ = {
			isa = XCConfigurationList;
			buildConfigurations = (
				3A88866E294328C300CC5ED2 /* Debug */,
				3A88866F294328C300CC5ED2 /* Release */,
			);
			defaultConfigurationIsVisible = 0;
			defaultConfigurationName = Release;
		};
		3A888670294328C300CC5ED2 /* Build configuration list for PBXNativeTarget "HeroLabWork" */ = {
			isa = XCConfigurationList;
			buildConfigurations = (
				3A888671294328C300CC5ED2 /* Debug */,
				3A888672294328C300CC5ED2 /* Release */,
			);
			defaultConfigurationIsVisible = 0;
			defaultConfigurationName = Release;
		};
/* End XCConfigurationList section */
	};
	rootObject = 3A888654294328C100CC5ED2 /* Project object */;
}
